
Microsoft Visual Studio Solution File, Format Version 12.00
# Visual Studio 15
VisualStudioVersion = 15.0.27703.2026
MinimumVisualStudioVersion = 10.0.40219.1
Project("{FAE04EC0-301F-11D3-BF4B-00C04F79EFBC}") = "CS_Connect", "CS_Connect\CS_Connect.csproj", "{234A620D-F620-47C9-820B-66C67BB29107}"
EndProject
Project("{2150E333-8FDC-42A3-9474-1A3956D46DE8}") = "Solution Items", "Solution Items", "{D9CA5936-0D16-4FD7-9E6B-A8BBB3F1C79A}"
	ProjectSection(SolutionItems) = preProject
		CS_Connect.cs = CS_Connect.cs
	EndProjectSection
EndProject
Global
	GlobalSection(SolutionConfigurationPlatforms) = preSolution
		Debug|Any CPU = Debug|Any CPU
		Release|Any CPU = Release|Any CPU
	EndGlobalSection
	GlobalSection(ProjectConfigurationPlatforms) = postSolution
		{234A620D-F620-47C9-820B-66C67BB29107}.Debug|Any CPU.ActiveCfg = Debug|Any CPU
		{234A620D-F620-47C9-820B-66C67BB29107}.Debug|Any CPU.Build.0 = Debug|Any CPU
		{234A620D-F620-47C9-820B-66C67BB29107}.Release|Any CPU.ActiveCfg = Release|Any CPU
		{234A620D-F620-47C9-820B-66C67BB29107}.Release|Any CPU.Build.0 = Release|Any CPU
	EndGlobalSection
	GlobalSection(SolutionProperties) = preSolution
		HideSolutionNode = FALSE
	EndGlobalSection
	GlobalSection(ExtensibilityGlobals) = postSolution
		SolutionGuid = {C3088D2D-E25A-4684-A63D-FA5076766311}
	EndGlobalSection
EndGlobal
